
Microsoft Visual Studio Solution File, Format Version 12.00
# Visual Studio Version 17
VisualStudioVersion = 17.4.33103.184
MinimumVisualStudioVersion = 10.0.40219.1
Project("{888888A0-9F3D-457C-B088-3A5042F75D52}") = "AutomatedSkugsReplay", "AutomatedSkugsReplay.pyproj", "{7DE5D6D6-EBE7-469C-B4CA-C027121E7FC8}"
EndProject
Global
	GlobalSection(SolutionConfigurationPlatforms) = preSolution
		Debug|Any CPU = Debug|Any CPU
		Release|Any CPU = Release|Any CPU
	EndGlobalSection
	GlobalSection(ProjectConfigurationPlatforms) = postSolution
		{7DE5D6D6-EBE7-469C-B4CA-C027121E7FC8}.Debug|Any CPU.ActiveCfg = Debug|Any CPU
		{7DE5D6D6-EBE7-469C-B4CA-C027121E7FC8}.Release|Any CPU.ActiveCfg = Release|Any CPU
	EndGlobalSection
	GlobalSection(SolutionProperties) = preSolution
		HideSolutionNode = FALSE
	EndGlobalSection
	GlobalSection(ExtensibilityGlobals) = postSolution
		SolutionGuid = {ED6E02BE-CB36-45A1-8B05-05609AD94092}
	EndGlobalSection
EndGlobal
